// !$*UTF8*$!
{
	archiveVersion = 1;
	classes = {
	};
	objectVersion = 46;
	objects = {

/* Begin PBXBuildFile section */
		BCA752CF1D6844260071A12D /* AppDelegate.swift in Sources */ = {isa = PBXBuildFile; fileRef = BCA752CE1D6844260071A12D /* AppDelegate.swift */; };
		BCA752D11D6844260071A12D /* ViewController.swift in Sources */ = {isa = PBXBuildFile; fileRef = BCA752D01D6844260071A12D /* ViewController.swift */; };
		BCA752D41D6844260071A12D /* Main.storyboard in Resources */ = {isa = PBXBuildFile; fileRef = BCA752D21D6844260071A12D /* Main.storyboard */; };
		BCA752D61D6844260071A12D /* Assets.xcassets in Resources */ = {isa = PBXBuildFile; fileRef = BCA752D51D6844260071A12D /* Assets.xcassets */; };
		BCA752D91D6844260071A12D /* LaunchScreen.storyboard in Resources */ = {isa = PBXBuildFile; fileRef = BCA752D71D6844260071A12D /* LaunchScreen.storyboard */; };
		BCA752E41D6844260071A12D /* CheerFoodTests.swift in Sources */ = {isa = PBXBuildFile; fileRef = BCA752E31D6844260071A12D /* CheerFoodTests.swift */; };
		BCA752EF1D6844260071A12D /* CheerFoodUITests.swift in Sources */ = {isa = PBXBuildFile; fileRef = BCA752EE1D6844260071A12D /* CheerFoodUITests.swift */; };
/* End PBXBuildFile section */

/* Begin PBXContainerItemProxy section */
		BCA752E01D6844260071A12D /* PBXContainerItemProxy */ = {
			isa = PBXContainerItemProxy;
			containerPortal = BCA752C31D6844260071A12D /* Project object */;
			proxyType = 1;
			remoteGlobalIDString = BCA752CA1D6844260071A12D;
			remoteInfo = CheerFood;
		};
		BCA752EB1D6844260071A12D /* PBXContainerItemProxy */ = {
			isa = PBXContainerItemProxy;
			containerPortal = BCA752C31D6844260071A12D /* Project object */;
			proxyType = 1;
			remoteGlobalIDString = BCA752CA1D6844260071A12D;
			remoteInfo = CheerFood;
		};
/* End PBXContainerItemProxy section */

/* Begin PBXFileReference section */
		BCA752CB1D6844260071A12D /* CheerFood.app */ = {isa = PBXFileReference; explicitFileType = wrapper.application; includeInIndex = 0; path = CheerFood.app; sourceTree = BUILT_PRODUCTS_DIR; };
		BCA752CE1D6844260071A12D /* AppDelegate.swift */ = {isa = PBXFileReference; lastKnownFileType = sourcecode.swift; path = AppDelegate.swift; sourceTree = "<group>"; };
		BCA752D01D6844260071A12D /* ViewController.swift */ = {isa = PBXFileReference; lastKnownFileType = sourcecode.swift; path = ViewController.swift; sourceTree = "<group>"; };
		BCA752D31D6844260071A12D /* Base */ = {isa = PBXFileReference; lastKnownFileType = file.storyboard; name = Base; path = Base.lproj/Main.storyboard; sourceTree = "<group>"; };
		BCA752D51D6844260071A12D /* Assets.xcassets */ = {isa = PBXFileReference; lastKnownFileType = folder.assetcatalog; path = Assets.xcassets; sourceTree = "<group>"; };
		BCA752D81D6844260071A12D /* Base */ = {isa = PBXFileReference; lastKnownFileType = file.storyboard; name = Base; path = Base.lproj/LaunchScreen.storyboard; sourceTree = "<group>"; };
		BCA752DA1D6844260071A12D /* Info.plist */ = {isa = PBXFileReference; lastKnownFileType = text.plist.xml; path = Info.plist; sourceTree = "<group>"; };
		BCA752DF1D6844260071A12D /* CheerFoodTests.xctest */ = {isa = PBXFileReference; explicitFileType = wrapper.cfbundle; includeInIndex = 0; path = CheerFoodTests.xctest; sourceTree = BUILT_PRODUCTS_DIR; };
		BCA752E31D6844260071A12D /* CheerFoodTests.swift */ = {isa = PBXFileReference; lastKnownFileType = sourcecode.swift; path = CheerFoodTests.swift; sourceTree = "<group>"; };
		BCA752E51D6844260071A12D /* Info.plist */ = {isa = PBXFileReference; lastKnownFileType = text.plist.xml; path = Info.plist; sourceTree = "<group>"; };
		BCA752EA1D6844260071A12D /* CheerFoodUITests.xctest */ = {isa = PBXFileReference; explicitFileType = wrapper.cfbundle; includeInIndex = 0; path = CheerFoodUITests.xctest; sourceTree = BUILT_PRODUCTS_DIR; };
		BCA752EE1D6844260071A12D /* CheerFoodUITests.swift */ = {isa = PBXFileReference; lastKnownFileType = sourcecode.swift; path = CheerFoodUITests.swift; sourceTree = "<group>"; };
		BCA752F01D6844260071A12D /* Info.plist */ = {isa = PBXFileReference; lastKnownFileType = text.plist.xml; path = Info.plist; sourceTree = "<group>"; };
/* End PBXFileReference section */

/* Begin PBXFrameworksBuildPhase section */
		BCA752C81D6844260071A12D /* Frameworks */ = {
			isa = PBXFrameworksBuildPhase;
			buildActionMask = 2147483647;
			files = (
			);
			runOnlyForDeploymentPostprocessing = 0;
		};
		BCA752DC1D6844260071A12D /* Frameworks */ = {
			isa = PBXFrameworksBuildPhase;
			buildActionMask = 2147483647;
			files = (
			);
			runOnlyForDeploymentPostprocessing = 0;
		};
		BCA752E71D6844260071A12D /* Frameworks */ = {
			isa = PBXFrameworksBuildPhase;
			buildActionMask = 2147483647;
			files = (
			);
			runOnlyForDeploymentPostprocessing = 0;
		};
/* End PBXFrameworksBuildPhase section */

/* Begin PBXGroup section */
		BCA752C21D6844260071A12D = {
			isa = PBXGroup;
			children = (
				BCA752CD1D6844260071A12D /* CheerFood */,
				BCA752E21D6844260071A12D /* CheerFoodTests */,
				BCA752ED1D6844260071A12D /* CheerFoodUITests */,
				BCA752CC1D6844260071A12D /* Products */,
			);
			sourceTree = "<group>";
		};
		BCA752CC1D6844260071A12D /* Products */ = {
			isa = PBXGroup;
			children = (
				BCA752CB1D6844260071A12D /* CheerFood.app */,
				BCA752DF1D6844260071A12D /* CheerFoodTests.xctest */,
				BCA752EA1D6844260071A12D /* CheerFoodUITests.xctest */,
			);
			name = Products;
			sourceTree = "<group>";
		};
		BCA752CD1D6844260071A12D /* CheerFood */ = {
			isa = PBXGroup;
			children = (
				BCA752CE1D6844260071A12D /* AppDelegate.swift */,
				BCA752D01D6844260071A12D /* ViewController.swift */,
				BCA752D21D6844260071A12D /* Main.storyboard */,
				BCA752D51D6844260071A12D /* Assets.xcassets */,
				BCA752D71D6844260071A12D /* LaunchScreen.storyboard */,
				BCA752DA1D6844260071A12D /* Info.plist */,
			);
			path = CheerFood;
			sourceTree = "<group>";
		};
		BCA752E21D6844260071A12D /* CheerFoodTests */ = {
			isa = PBXGroup;
			children = (
				BCA752E31D6844260071A12D /* CheerFoodTests.swift */,
				BCA752E51D6844260071A12D /* Info.plist */,
			);
			path = CheerFoodTests;
			sourceTree = "<group>";
		};
		BCA752ED1D6844260071A12D /* CheerFoodUITests */ = {
			isa = PBXGroup;
			children = (
				BCA752EE1D6844260071A12D /* CheerFoodUITests.swift */,
				BCA752F01D6844260071A12D /* Info.plist */,
			);
			path = CheerFoodUITests;
			sourceTree = "<group>";
		};
/* End PBXGroup section */

/* Begin PBXNativeTarget section */
		BCA752CA1D6844260071A12D /* CheerFood */ = {
			isa = PBXNativeTarget;
			buildConfigurationList = BCA752F31D6844260071A12D /* Build configuration list for PBXNativeTarget "CheerFood" */;
			buildPhases = (
				BCA752C71D6844260071A12D /* Sources */,
				BCA752C81D6844260071A12D /* Frameworks */,
				BCA752C91D6844260071A12D /* Resources */,
			);
			buildRules = (
			);
			dependencies = (
			);
			name = CheerFood;
			productName = CheerFood;
			productReference = BCA752CB1D6844260071A12D /* CheerFood.app */;
			productType = "com.apple.product-type.application";
		};
		BCA752DE1D6844260071A12D /* CheerFoodTests */ = {
			isa = PBXNativeTarget;
			buildConfigurationList = BCA752F61D6844260071A12D /* Build configuration list for PBXNativeTarget "CheerFoodTests" */;
			buildPhases = (
				BCA752DB1D6844260071A12D /* Sources */,
				BCA752DC1D6844260071A12D /* Frameworks */,
				BCA752DD1D6844260071A12D /* Resources */,
			);
			buildRules = (
			);
			dependencies = (
				BCA752E11D6844260071A12D /* PBXTargetDependency */,
			);
			name = CheerFoodTests;
			productName = CheerFoodTests;
			productReference = BCA752DF1D6844260071A12D /* CheerFoodTests.xctest */;
			productType = "com.apple.product-type.bundle.unit-test";
		};
		BCA752E91D6844260071A12D /* CheerFoodUITests */ = {
			isa = PBXNativeTarget;
			buildConfigurationList = BCA752F91D6844260071A12D /* Build configuration list for PBXNativeTarget "CheerFoodUITests" */;
			buildPhases = (
				BCA752E61D6844260071A12D /* Sources */,
				BCA752E71D6844260071A12D /* Frameworks */,
				BCA752E81D6844260071A12D /* Resources */,
			);
			buildRules = (
			);
			dependencies = (
				BCA752EC1D6844260071A12D /* PBXTargetDependency */,
			);
			name = CheerFoodUITests;
			productName = CheerFoodUITests;
			productReference = BCA752EA1D6844260071A12D /* CheerFoodUITests.xctest */;
			productType = "com.apple.product-type.bundle.ui-testing";
		};
/* End PBXNativeTarget section */

/* Begin PBXProject section */
		BCA752C31D6844260071A12D /* Project object */ = {
			isa = PBXProject;
			attributes = {
				LastSwiftUpdateCheck = 0730;
				LastUpgradeCheck = 0730;
				ORGANIZATIONNAME = ray;
				TargetAttributes = {
					BCA752CA1D6844260071A12D = {
						CreatedOnToolsVersion = 7.3.1;
					};
					BCA752DE1D6844260071A12D = {
						CreatedOnToolsVersion = 7.3.1;
						TestTargetID = BCA752CA1D6844260071A12D;
					};
					BCA752E91D6844260071A12D = {
						CreatedOnToolsVersion = 7.3.1;
						TestTargetID = BCA752CA1D6844260071A12D;
					};
				};
			};
			buildConfigurationList = BCA752C61D6844260071A12D /* Build configuration list for PBXProject "CheerFood" */;
			compatibilityVersion = "Xcode 3.2";
			developmentRegion = English;
			hasScannedForEncodings = 0;
			knownRegions = (
				en,
				Base,
			);
			mainGroup = BCA752C21D6844260071A12D;
			productRefGroup = BCA752CC1D6844260071A12D /* Products */;
			projectDirPath = "";
			projectRoot = "";
			targets = (
				BCA752CA1D6844260071A12D /* CheerFood */,
				BCA752DE1D6844260071A12D /* CheerFoodTests */,
				BCA752E91D6844260071A12D /* CheerFoodUITests */,
			);
		};
/* End PBXProject section */

/* Begin PBXResourcesBuildPhase section */
		BCA752C91D6844260071A12D /* Resources */ = {
			isa = PBXResourcesBuildPhase;
			buildActionMask = 2147483647;
			files = (
				BCA752D91D6844260071A12D /* LaunchScreen.storyboard in Resources */,
				BCA752D61D6844260071A12D /* Assets.xcassets in Resources */,
				BCA752D41D6844260071A12D /* Main.storyboard in Resources */,
			);
			runOnlyForDeploymentPostprocessing = 0;
		};
		BCA752DD1D6844260071A12D /* Resources */ = {
			isa = PBXResourcesBuildPhase;
			buildActionMask = 2147483647;
			files = (
			);
			runOnlyForDeploymentPostprocessing = 0;
		};
		BCA752E81D6844260071A12D /* Resources */ = {
			isa = PBXResourcesBuildPhase;
			buildActionMask = 2147483647;
			files = (
			);
			runOnlyForDeploymentPostprocessing = 0;
		};
/* End PBXResourcesBuildPhase section */

/* Begin PBXSourcesBuildPhase section */
		BCA752C71D6844260071A12D /* Sources */ = {
			isa = PBXSourcesBuildPhase;
			buildActionMask = 2147483647;
			files = (
				BCA752D11D6844260071A12D /* ViewController.swift in Sources */,
				BCA752CF1D6844260071A12D /* AppDelegate.swift in Sources */,
			);
			runOnlyForDeploymentPostprocessing = 0;
		};
		BCA752DB1D6844260071A12D /* Sources */ = {
			isa = PBXSourcesBuildPhase;
			buildActionMask = 2147483647;
			files = (
				BCA752E41D6844260071A12D /* CheerFoodTests.swift in Sources */,
			);
			runOnlyForDeploymentPostprocessing = 0;
		};
		BCA752E61D6844260071A12D /* Sources */ = {
			isa = PBXSourcesBuildPhase;
			buildActionMask = 2147483647;
			files = (
				BCA752EF1D6844260071A12D /* CheerFoodUITests.swift in Sources */,
			);
			runOnlyForDeploymentPostprocessing = 0;
		};
/* End PBXSourcesBuildPhase section */

/* Begin PBXTargetDependency section */
		BCA752E11D6844260071A12D /* PBXTargetDependency */ = {
			isa = PBXTargetDependency;
			target = BCA752CA1D6844260071A12D /* CheerFood */;
			targetProxy = BCA752E01D6844260071A12D /* PBXContainerItemProxy */;
		};
		BCA752EC1D6844260071A12D /* PBXTargetDependency */ = {
			isa = PBXTargetDependency;
			target = BCA752CA1D6844260071A12D /* CheerFood */;
			targetProxy = BCA752EB1D6844260071A12D /* PBXContainerItemProxy */;
		};
/* End PBXTargetDependency section */

/* Begin PBXVariantGroup section */
		BCA752D21D6844260071A12D /* Main.storyboard */ = {
			isa = PBXVariantGroup;
			children = (
				BCA752D31D6844260071A12D /* Base */,
			);
			name = Main.storyboard;
			sourceTree = "<group>";
		};
		BCA752D71D6844260071A12D /* LaunchScreen.storyboard */ = {
			isa = PBXVariantGroup;
			children = (
				BCA752D81D6844260071A12D /* Base */,
			);
			name = LaunchScreen.storyboard;
			sourceTree = "<group>";
		};
/* End PBXVariantGroup section */

/* Begin XCBuildConfiguration section */
		BCA752F11D6844260071A12D /* Debug */ = {
			isa = XCBuildConfiguration;
			buildSettings = {
				ALWAYS_SEARCH_USER_PATHS = NO;
				CLANG_ANALYZER_NONNULL = YES;
				CLANG_CXX_LANGUAGE_STANDARD = "gnu++0x";
				CLANG_CXX_LIBRARY = "libc++";
				CLANG_ENABLE_MODULES = YES;
				CLANG_ENABLE_OBJC_ARC = YES;
				CLANG_WARN_BOOL_CONVERSION = YES;
				CLANG_WARN_CONSTANT_CONVERSION = YES;
				CLANG_WARN_DIRECT_OBJC_ISA_USAGE = YES_ERROR;
				CLANG_WARN_EMPTY_BODY = YES;
				CLANG_WARN_ENUM_CONVERSION = YES;
				CLANG_WARN_INT_CONVERSION = YES;
				CLANG_WARN_OBJC_ROOT_CLASS = YES_ERROR;
				CLANG_WARN_UNREACHABLE_CODE = YES;
				CLANG_WARN__DUPLICATE_METHOD_MATCH = YES;
				"CODE_SIGN_IDENTITY[sdk=iphoneos*]" = "iPhone Developer";
				COPY_PHASE_STRIP = NO;
				DEBUG_INFORMATION_FORMAT = dwarf;
				ENABLE_STRICT_OBJC_MSGSEND = YES;
				ENABLE_TESTABILITY = YES;
				GCC_C_LANGUAGE_STANDARD = gnu99;
				GCC_DYNAMIC_NO_PIC = NO;
				GCC_NO_COMMON_BLOCKS = YES;
				GCC_OPTIMIZATION_LEVEL = 0;
				GCC_PREPROCESSOR_DEFINITIONS = (
					"DEBUG=1",
					"$(inherited)",
				);
				GCC_WARN_64_TO_32_BIT_CONVERSION = YES;
				GCC_WARN_ABOUT_RETURN_TYPE = YES_ERROR;
				GCC_WARN_UNDECLARED_SELECTOR = YES;
				GCC_WARN_UNINITIALIZED_AUTOS = YES_AGGRESSIVE;
				GCC_WARN_UNUSED_FUNCTION = YES;
				GCC_WARN_UNUSED_VARIABLE = YES;
				IPHONEOS_DEPLOYMENT_TARGET = 9.3;
				MTL_ENABLE_DEBUG_INFO = YES;
				ONLY_ACTIVE_ARCH = YES;
				SDKROOT = iphoneos;
				SWIFT_OPTIMIZATION_LEVEL = "-Onone";
			};
			name = Debug;
		};
		BCA752F21D6844260071A12D /* Release */ = {
			isa = XCBuildConfiguration;
			buildSettings = {
				ALWAYS_SEARCH_USER_PATHS = NO;
				CLANG_ANALYZER_NONNULL = YES;
				CLANG_CXX_LANGUAGE_STANDARD = "gnu++0x";
				CLANG_CXX_LIBRARY = "libc++";
				CLANG_ENABLE_MODULES = YES;
				CLANG_ENABLE_OBJC_ARC = YES;
				CLANG_WARN_BOOL_CONVERSION = YES;
				CLANG_WARN_CONSTANT_CONVERSION = YES;
				CLANG_WARN_DIRECT_OBJC_ISA_USAGE = YES_ERROR;
				CLANG_WARN_EMPTY_BODY = YES;
				CLANG_WARN_ENUM_CONVERSION = YES;
				CLANG_WARN_INT_CONVERSION = YES;
				CLANG_WARN_OBJC_ROOT_CLASS = YES_ERROR;
				CLANG_WARN_UNREACHABLE_CODE = YES;
				CLANG_WARN__DUPLICATE_METHOD_MATCH = YES;
				"CODE_SIGN_IDENTITY[sdk=iphoneos*]" = "iPhone Developer";
				COPY_PHASE_STRIP = NO;
				DEBUG_INFORMATION_FORMAT = "dwarf-with-dsym";
				ENABLE_NS_ASSERTIONS = NO;
				ENABLE_STRICT_OBJC_MSGSEND = YES;
				GCC_C_LANGUAGE_STANDARD = gnu99;
				GCC_NO_COMMON_BLOCKS = YES;
				GCC_WARN_64_TO_32_BIT_CONVERSION = YES;
				GCC_WARN_ABOUT_RETURN_TYPE = YES_ERROR;
				GCC_WARN_UNDECLARED_SELECTOR = YES;
				GCC_WARN_UNINITIALIZED_AUTOS = YES_AGGRESSIVE;
				GCC_WARN_UNUSED_FUNCTION = YES;
				GCC_WARN_UNUSED_VARIABLE = YES;
				IPHONEOS_DEPLOYMENT_TARGET = 9.3;
				MTL_ENABLE_DEBUG_INFO = NO;
				SDKROOT = iphoneos;
				VALIDATE_PRODUCT = YES;
			};
			name = Release;
		};
		BCA752F41D6844260071A12D /* Debug */ = {
			isa = XCBuildConfiguration;
			buildSettings = {
				ASSETCATALOG_COMPILER_APPICON_NAME = AppIcon;
				INFOPLIST_FILE = CheerFood/Info.plist;
				LD_RUNPATH_SEARCH_PATHS = "$(inherited) @executable_path/Frameworks";
				PRODUCT_BUNDLE_IDENTIFIER = com.132.CheerFood;
				PRODUCT_NAME = "$(TARGET_NAME)";
			};
			name = Debug;
		};
		BCA752F51D6844260071A12D /* Release */ = {
			isa = XCBuildConfiguration;
			buildSettings = {
				ASSETCATALOG_COMPILER_APPICON_NAME = AppIcon;
				INFOPLIST_FILE = CheerFood/Info.plist;
				LD_RUNPATH_SEARCH_PATHS = "$(inherited) @executable_path/Frameworks";
				PRODUCT_BUNDLE_IDENTIFIER = com.132.CheerFood;
				PRODUCT_NAME = "$(TARGET_NAME)";
			};
			name = Release;
		};
		BCA752F71D6844260071A12D /* Debug */ = {
			isa = XCBuildConfiguration;
			buildSettings = {
				BUNDLE_LOADER = "$(TEST_HOST)";
				INFOPLIST_FILE = CheerFoodTests/Info.plist;
				LD_RUNPATH_SEARCH_PATHS = "$(inherited) @executable_path/Frameworks @loader_path/Frameworks";
				PRODUCT_BUNDLE_IDENTIFIER = com.132.CheerFoodTests;
				PRODUCT_NAME = "$(TARGET_NAME)";
				TEST_HOST = "$(BUILT_PRODUCTS_DIR)/CheerFood.app/CheerFood";
			};
			name = Debug;
		};
		BCA752F81D6844260071A12D /* Release */ = {
			isa = XCBuildConfiguration;
			buildSettings = {
				BUNDLE_LOADER = "$(TEST_HOST)";
				INFOPLIST_FILE = CheerFoodTests/Info.plist;
				LD_RUNPATH_SEARCH_PATHS = "$(inherited) @executable_path/Frameworks @loader_path/Frameworks";
				PRODUCT_BUNDLE_IDENTIFIER = com.132.CheerFoodTests;
				PRODUCT_NAME = "$(TARGET_NAME)";
				TEST_HOST = "$(BUILT_PRODUCTS_DIR)/CheerFood.app/CheerFood";
			};
			name = Release;
		};
		BCA752FA1D6844260071A12D /* Debug */ = {
			isa = XCBuildConfiguration;
			buildSettings = {
				INFOPLIST_FILE = CheerFoodUITests/Info.plist;
				LD_RUNPATH_SEARCH_PATHS = "$(inherited) @executable_path/Frameworks @loader_path/Frameworks";
				PRODUCT_BUNDLE_IDENTIFIER = com.132.CheerFoodUITests;
				PRODUCT_NAME = "$(TARGET_NAME)";
				TEST_TARGET_NAME = CheerFood;
			};
			name = Debug;
		};
		BCA752FB1D6844260071A12D /* Release */ = {
			isa = XCBuildConfiguration;
			buildSettings = {
				INFOPLIST_FILE = CheerFoodUITests/Info.plist;
				LD_RUNPATH_SEARCH_PATHS = "$(inherited) @executable_path/Frameworks @loader_path/Frameworks";
				PRODUCT_BUNDLE_IDENTIFIER = com.132.CheerFoodUITests;
				PRODUCT_NAME = "$(TARGET_NAME)";
				TEST_TARGET_NAME = CheerFood;
			};
			name = Release;
		};
/* End XCBuildConfiguration section */

/* Begin XCConfigurationList section */
		BCA752C61D6844260071A12D /* Build configuration list for PBXProject "CheerFood" */ = {
			isa = XCConfigurationList;
			buildConfigurations = (
				BCA752F11D6844260071A12D /* Debug */,
				BCA752F21D6844260071A12D /* Release */,
			);
			defaultConfigurationIsVisible = 0;
			defaultConfigurationName = Release;
		};
		BCA752F31D6844260071A12D /* Build configuration list for PBXNativeTarget "CheerFood" */ = {
			isa = XCConfigurationList;
			buildConfigurations = (
				BCA752F41D6844260071A12D /* Debug */,
				BCA752F51D6844260071A12D /* Release */,
			);
			defaultConfigurationIsVisible = 0;
		};
		BCA752F61D6844260071A12D /* Build configuration list for PBXNativeTarget "CheerFoodTests" */ = {
			isa = XCConfigurationList;
			buildConfigurations = (
				BCA752F71D6844260071A12D /* Debug */,
				BCA752F81D6844260071A12D /* Release */,
			);
			defaultConfigurationIsVisible = 0;
		};
		BCA752F91D6844260071A12D /* Build configuration list for PBXNativeTarget "CheerFoodUITests" */ = {
			isa = XCConfigurationList;
			buildConfigurations = (
				BCA752FA1D6844260071A12D /* Debug */,
				BCA752FB1D6844260071A12D /* Release */,
			);
			defaultConfigurationIsVisible = 0;
		};
/* End XCConfigurationList section */
	};
	rootObject = BCA752C31D6844260071A12D /* Project object */;
}
